
Microsoft Visual Studio Solution File, Format Version 12.00
# Visual Studio Version 17
VisualStudioVersion = 17.4.33103.184
MinimumVisualStudioVersion = 10.0.40219.1
Project("{FAE04EC0-301F-11D3-BF4B-00C04F79EFBC}") = "send-to-server", "send-to-server\send-to-server.csproj", "{11F87A40-FDCE-4797-A984-8CE7799CE7E7}"
EndProject
Global
	GlobalSection(SolutionConfigurationPlatforms) = preSolution
		Debug|Any CPU = Debug|Any CPU
		Release|Any CPU = Release|Any CPU
	EndGlobalSection
	GlobalSection(ProjectConfigurationPlatforms) = postSolution
		{11F87A40-FDCE-4797-A984-8CE7799CE7E7}.Debug|Any CPU.ActiveCfg = Debug|Any CPU
		{11F87A40-FDCE-4797-A984-8CE7799CE7E7}.Debug|Any CPU.Build.0 = Debug|Any CPU
		{11F87A40-FDCE-4797-A984-8CE7799CE7E7}.Release|Any CPU.ActiveCfg = Release|Any CPU
		{11F87A40-FDCE-4797-A984-8CE7799CE7E7}.Release|Any CPU.Build.0 = Release|Any CPU
	EndGlobalSection
	GlobalSection(SolutionProperties) = preSolution
		HideSolutionNode = FALSE
	EndGlobalSection
	GlobalSection(ExtensibilityGlobals) = postSolution
		SolutionGuid = {FCA15317-AFE7-42D2-922A-E10F68A7DF7F}
	EndGlobalSection
EndGlobal
